
Microsoft Visual Studio Solution File, Format Version 12.00
# Visual Studio Version 16
VisualStudioVersion = 16.0.30503.244
MinimumVisualStudioVersion = 10.0.40219.1
Project("{FAE04EC0-301F-11D3-BF4B-00C04F79EFBC}") = "Pr1S3.2 (TimerEvent)", "Pr1S3.2 (TimerEvent).csproj", "{35C32174-CA7B-4C59-B0D5-D2B428EA4768}"
EndProject
Global
	GlobalSection(SolutionConfigurationPlatforms) = preSolution
		Debug|Any CPU = Debug|Any CPU
		Release|Any CPU = Release|Any CPU
	EndGlobalSection
	GlobalSection(ProjectConfigurationPlatforms) = postSolution
		{35C32174-CA7B-4C59-B0D5-D2B428EA4768}.Debug|Any CPU.ActiveCfg = Debug|Any CPU
		{35C32174-CA7B-4C59-B0D5-D2B428EA4768}.Debug|Any CPU.Build.0 = Debug|Any CPU
		{35C32174-CA7B-4C59-B0D5-D2B428EA4768}.Release|Any CPU.ActiveCfg = Release|Any CPU
		{35C32174-CA7B-4C59-B0D5-D2B428EA4768}.Release|Any CPU.Build.0 = Release|Any CPU
	EndGlobalSection
	GlobalSection(SolutionProperties) = preSolution
		HideSolutionNode = FALSE
	EndGlobalSection
	GlobalSection(ExtensibilityGlobals) = postSolution
		SolutionGuid = {46A9FD30-4840-42F4-A5FA-F09D375DD039}
	EndGlobalSection
EndGlobal
